// !$*UTF8*$!
{
	archiveVersion = 1;
	classes = {
	};
	objectVersion = 48;
	objects = {

/* Begin PBXBuildFile section */
		757B3AE9977FCF4213B60B95 /* Pods_DKTableViewTests.framework in Frameworks */ = {isa = PBXBuildFile; fileRef = 374D168046B9B5E26DF6FE5F /* Pods_DKTableViewTests.framework */; };
		A90F9EFF1FB1637800C26AC0 /* DKNetwork.m in Sources */ = {isa = PBXBuildFile; fileRef = A90F9EFE1FB1637800C26AC0 /* DKNetwork.m */; };
		A90F9F021FB198AA00C26AC0 /* UITableView+DKActiveStatus.m in Sources */ = {isa = PBXBuildFile; fileRef = A90F9F011FB198AA00C26AC0 /* UITableView+DKActiveStatus.m */; };
		A96DEDCA1FAFF0F200D45610 /* AppDelegate.m in Sources */ = {isa = PBXBuildFile; fileRef = A96DEDC91FAFF0F200D45610 /* AppDelegate.m */; };
		A96DEDCD1FAFF0F200D45610 /* ViewController.m in Sources */ = {isa = PBXBuildFile; fileRef = A96DEDCC1FAFF0F200D45610 /* ViewController.m */; };
		A96DEDD21FAFF0F200D45610 /* Assets.xcassets in Resources */ = {isa = PBXBuildFile; fileRef = A96DEDD11FAFF0F200D45610 /* Assets.xcassets */; };
		A96DEDD51FAFF0F200D45610 /* LaunchScreen.storyboard in Resources */ = {isa = PBXBuildFile; fileRef = A96DEDD31FAFF0F200D45610 /* LaunchScreen.storyboard */; };
		A96DEDD81FAFF0F200D45610 /* main.m in Sources */ = {isa = PBXBuildFile; fileRef = A96DEDD71FAFF0F200D45610 /* main.m */; };
		A96DEDE21FAFF0F200D45610 /* DKTableViewTests.m in Sources */ = {isa = PBXBuildFile; fileRef = A96DEDE11FAFF0F200D45610 /* DKTableViewTests.m */; };
		A971F7051FB0491100A8D8A7 /* UITableView+DKCategory.m in Sources */ = {isa = PBXBuildFile; fileRef = A971F7041FB0491100A8D8A7 /* UITableView+DKCategory.m */; };
		A971F70B1FB0587C00A8D8A7 /* DKWeakObjectContainer.m in Sources */ = {isa = PBXBuildFile; fileRef = A971F70A1FB0587C00A8D8A7 /* DKWeakObjectContainer.m */; };
		CC5A69D3C4DC4E85FF23375B /* Pods_DKTableView.framework in Frameworks */ = {isa = PBXBuildFile; fileRef = CF718D9F16FDEBF3685DDCD5 /* Pods_DKTableView.framework */; };
/* End PBXBuildFile section */

/* Begin PBXContainerItemProxy section */
		A96DEDDE1FAFF0F200D45610 /* PBXContainerItemProxy */ = {
			isa = PBXContainerItemProxy;
			containerPortal = A96DEDBD1FAFF0F200D45610 /* Project object */;
			proxyType = 1;
			remoteGlobalIDString = A96DEDC41FAFF0F200D45610;
			remoteInfo = DKTableView;
		};
/* End PBXContainerItemProxy section */

/* Begin PBXFileReference section */
		374D168046B9B5E26DF6FE5F /* Pods_DKTableViewTests.framework */ = {isa = PBXFileReference; explicitFileType = wrapper.framework; includeInIndex = 0; path = Pods_DKTableViewTests.framework; sourceTree = BUILT_PRODUCTS_DIR; };
		51570AB34C67852BB082CA90 /* Pods-DKTableView.release.xcconfig */ = {isa = PBXFileReference; includeInIndex = 1; lastKnownFileType = text.xcconfig; name = "Pods-DKTableView.release.xcconfig"; path = "Pods/Target Support Files/Pods-DKTableView/Pods-DKTableView.release.xcconfig"; sourceTree = "<group>"; };
		79EA034885530F17FB5FF7B4 /* Pods-DKTableViewTests.debug.xcconfig */ = {isa = PBXFileReference; includeInIndex = 1; lastKnownFileType = text.xcconfig; name = "Pods-DKTableViewTests.debug.xcconfig"; path = "Pods/Target Support Files/Pods-DKTableViewTests/Pods-DKTableViewTests.debug.xcconfig"; sourceTree = "<group>"; };
		8D6B3DECD0F6DF9FC9FBCA1F /* Pods-DKTableView.debug.xcconfig */ = {isa = PBXFileReference; includeInIndex = 1; lastKnownFileType = text.xcconfig; name = "Pods-DKTableView.debug.xcconfig"; path = "Pods/Target Support Files/Pods-DKTableView/Pods-DKTableView.debug.xcconfig"; sourceTree = "<group>"; };
		8DBD91384B4A7D20821C235F /* Pods-DKTableViewTests.release.xcconfig */ = {isa = PBXFileReference; includeInIndex = 1; lastKnownFileType = text.xcconfig; name = "Pods-DKTableViewTests.release.xcconfig"; path = "Pods/Target Support Files/Pods-DKTableViewTests/Pods-DKTableViewTests.release.xcconfig"; sourceTree = "<group>"; };
		A90F9EFD1FB1637800C26AC0 /* DKNetwork.h */ = {isa = PBXFileReference; lastKnownFileType = sourcecode.c.h; path = DKNetwork.h; sourceTree = "<group>"; };
		A90F9EFE1FB1637800C26AC0 /* DKNetwork.m */ = {isa = PBXFileReference; lastKnownFileType = sourcecode.c.objc; path = DKNetwork.m; sourceTree = "<group>"; };
		A90F9F001FB198AA00C26AC0 /* UITableView+DKActiveStatus.h */ = {isa = PBXFileReference; lastKnownFileType = sourcecode.c.h; path = "UITableView+DKActiveStatus.h"; sourceTree = "<group>"; };
		A90F9F011FB198AA00C26AC0 /* UITableView+DKActiveStatus.m */ = {isa = PBXFileReference; lastKnownFileType = sourcecode.c.objc; path = "UITableView+DKActiveStatus.m"; sourceTree = "<group>"; };
		A96DEDC51FAFF0F200D45610 /* DKTableView.app */ = {isa = PBXFileReference; explicitFileType = wrapper.application; includeInIndex = 0; path = DKTableView.app; sourceTree = BUILT_PRODUCTS_DIR; };
		A96DEDC81FAFF0F200D45610 /* AppDelegate.h */ = {isa = PBXFileReference; lastKnownFileType = sourcecode.c.h; path = AppDelegate.h; sourceTree = "<group>"; };
		A96DEDC91FAFF0F200D45610 /* AppDelegate.m */ = {isa = PBXFileReference; lastKnownFileType = sourcecode.c.objc; path = AppDelegate.m; sourceTree = "<group>"; };
		A96DEDCB1FAFF0F200D45610 /* ViewController.h */ = {isa = PBXFileReference; lastKnownFileType = sourcecode.c.h; path = ViewController.h; sourceTree = "<group>"; };
		A96DEDCC1FAFF0F200D45610 /* ViewController.m */ = {isa = PBXFileReference; lastKnownFileType = sourcecode.c.objc; path = ViewController.m; sourceTree = "<group>"; };
		A96DEDD11FAFF0F200D45610 /* Assets.xcassets */ = {isa = PBXFileReference; lastKnownFileType = folder.assetcatalog; path = Assets.xcassets; sourceTree = "<group>"; };
		A96DEDD41FAFF0F200D45610 /* Base */ = {isa = PBXFileReference; lastKnownFileType = file.storyboard; name = Base; path = Base.lproj/LaunchScreen.storyboard; sourceTree = "<group>"; };
		A96DEDD61FAFF0F200D45610 /* Info.plist */ = {isa = PBXFileReference; lastKnownFileType = text.plist.xml; path = Info.plist; sourceTree = "<group>"; };
		A96DEDD71FAFF0F200D45610 /* main.m */ = {isa = PBXFileReference; lastKnownFileType = sourcecode.c.objc; path = main.m; sourceTree = "<group>"; };
		A96DEDDD1FAFF0F200D45610 /* DKTableViewTests.xctest */ = {isa = PBXFileReference; explicitFileType = wrapper.cfbundle; includeInIndex = 0; path = DKTableViewTests.xctest; sourceTree = BUILT_PRODUCTS_DIR; };
		A96DEDE11FAFF0F200D45610 /* DKTableViewTests.m */ = {isa = PBXFileReference; lastKnownFileType = sourcecode.c.objc; path = DKTableViewTests.m; sourceTree = "<group>"; };
		A96DEDE31FAFF0F200D45610 /* Info.plist */ = {isa = PBXFileReference; lastKnownFileType = text.plist.xml; path = Info.plist; sourceTree = "<group>"; };
		A971F7031FB0491100A8D8A7 /* UITableView+DKCategory.h */ = {isa = PBXFileReference; lastKnownFileType = sourcecode.c.h; path = "UITableView+DKCategory.h"; sourceTree = "<group>"; };
		A971F7041FB0491100A8D8A7 /* UITableView+DKCategory.m */ = {isa = PBXFileReference; lastKnownFileType = sourcecode.c.objc; path = "UITableView+DKCategory.m"; sourceTree = "<group>"; };
		A971F7071FB0493F00A8D8A7 /* DKTableViewDelegate.h */ = {isa = PBXFileReference; lastKnownFileType = sourcecode.c.h; path = DKTableViewDelegate.h; sourceTree = "<group>"; };
		A971F7081FB0503700A8D8A7 /* DKTableViewHeader.h */ = {isa = PBXFileReference; lastKnownFileType = sourcecode.c.h; path = DKTableViewHeader.h; sourceTree = "<group>"; };
		A971F7091FB0587C00A8D8A7 /* DKWeakObjectContainer.h */ = {isa = PBXFileReference; lastKnownFileType = sourcecode.c.h; path = DKWeakObjectContainer.h; sourceTree = "<group>"; };
		A971F70A1FB0587C00A8D8A7 /* DKWeakObjectContainer.m */ = {isa = PBXFileReference; lastKnownFileType = sourcecode.c.objc; path = DKWeakObjectContainer.m; sourceTree = "<group>"; };
		CF718D9F16FDEBF3685DDCD5 /* Pods_DKTableView.framework */ = {isa = PBXFileReference; explicitFileType = wrapper.framework; includeInIndex = 0; path = Pods_DKTableView.framework; sourceTree = BUILT_PRODUCTS_DIR; };
/* End PBXFileReference section */

/* Begin PBXFrameworksBuildPhase section */
		A96DEDC21FAFF0F200D45610 /* Frameworks */ = {
			isa = PBXFrameworksBuildPhase;
			buildActionMask = 2147483647;
			files = (
				CC5A69D3C4DC4E85FF23375B /* Pods_DKTableView.framework in Frameworks */,
			);
			runOnlyForDeploymentPostprocessing = 0;
		};
		A96DEDDA1FAFF0F200D45610 /* Frameworks */ = {
			isa = PBXFrameworksBuildPhase;
			buildActionMask = 2147483647;
			files = (
				757B3AE9977FCF4213B60B95 /* Pods_DKTableViewTests.framework in Frameworks */,
			);
			runOnlyForDeploymentPostprocessing = 0;
		};
/* End PBXFrameworksBuildPhase section */

/* Begin PBXGroup section */
		03226B6423C1F260603E8016 /* Frameworks */ = {
			isa = PBXGroup;
			children = (
				CF718D9F16FDEBF3685DDCD5 /* Pods_DKTableView.framework */,
				374D168046B9B5E26DF6FE5F /* Pods_DKTableViewTests.framework */,
			);
			name = Frameworks;
			sourceTree = "<group>";
		};
		4888B97097A01515A1E81719 /* Pods */ = {
			isa = PBXGroup;
			children = (
				8D6B3DECD0F6DF9FC9FBCA1F /* Pods-DKTableView.debug.xcconfig */,
				51570AB34C67852BB082CA90 /* Pods-DKTableView.release.xcconfig */,
				79EA034885530F17FB5FF7B4 /* Pods-DKTableViewTests.debug.xcconfig */,
				8DBD91384B4A7D20821C235F /* Pods-DKTableViewTests.release.xcconfig */,
			);
			name = Pods;
			sourceTree = "<group>";
		};
		A90F9EFC1FB1636300C26AC0 /* Network */ = {
			isa = PBXGroup;
			children = (
				A90F9EFD1FB1637800C26AC0 /* DKNetwork.h */,
				A90F9EFE1FB1637800C26AC0 /* DKNetwork.m */,
			);
			path = Network;
			sourceTree = "<group>";
		};
		A96DEDBC1FAFF0F200D45610 = {
			isa = PBXGroup;
			children = (
				A96DEDC71FAFF0F200D45610 /* DKTableView */,
				A96DEDE01FAFF0F200D45610 /* DKTableViewTests */,
				A96DEDC61FAFF0F200D45610 /* Products */,
				4888B97097A01515A1E81719 /* Pods */,
				03226B6423C1F260603E8016 /* Frameworks */,
			);
			sourceTree = "<group>";
		};
		A96DEDC61FAFF0F200D45610 /* Products */ = {
			isa = PBXGroup;
			children = (
				A96DEDC51FAFF0F200D45610 /* DKTableView.app */,
				A96DEDDD1FAFF0F200D45610 /* DKTableViewTests.xctest */,
			);
			name = Products;
			sourceTree = "<group>";
		};
		A96DEDC71FAFF0F200D45610 /* DKTableView */ = {
			isa = PBXGroup;
			children = (
				A90F9EFC1FB1636300C26AC0 /* Network */,
				A971F7061FB0492300A8D8A7 /* Protocol */,
				A9F04B141FAFF65F00181E94 /* Category */,
				A971F7081FB0503700A8D8A7 /* DKTableViewHeader.h */,
				A971F7091FB0587C00A8D8A7 /* DKWeakObjectContainer.h */,
				A971F70A1FB0587C00A8D8A7 /* DKWeakObjectContainer.m */,
				A96DEDC81FAFF0F200D45610 /* AppDelegate.h */,
				A96DEDC91FAFF0F200D45610 /* AppDelegate.m */,
				A96DEDCB1FAFF0F200D45610 /* ViewController.h */,
				A96DEDCC1FAFF0F200D45610 /* ViewController.m */,
				A96DEDD11FAFF0F200D45610 /* Assets.xcassets */,
				A96DEDD31FAFF0F200D45610 /* LaunchScreen.storyboard */,
				A96DEDD61FAFF0F200D45610 /* Info.plist */,
				A96DEDD71FAFF0F200D45610 /* main.m */,
			);
			path = DKTableView;
			sourceTree = "<group>";
		};
		A96DEDE01FAFF0F200D45610 /* DKTableViewTests */ = {
			isa = PBXGroup;
			children = (
				A96DEDE11FAFF0F200D45610 /* DKTableViewTests.m */,
				A96DEDE31FAFF0F200D45610 /* Info.plist */,
			);
			path = DKTableViewTests;
			sourceTree = "<group>";
		};
		A971F7061FB0492300A8D8A7 /* Protocol */ = {
			isa = PBXGroup;
			children = (
				A971F7071FB0493F00A8D8A7 /* DKTableViewDelegate.h */,
			);
			path = Protocol;
			sourceTree = "<group>";
		};
		A9F04B141FAFF65F00181E94 /* Category */ = {
			isa = PBXGroup;
			children = (
				A971F7031FB0491100A8D8A7 /* UITableView+DKCategory.h */,
				A971F7041FB0491100A8D8A7 /* UITableView+DKCategory.m */,
				A90F9F001FB198AA00C26AC0 /* UITableView+DKActiveStatus.h */,
				A90F9F011FB198AA00C26AC0 /* UITableView+DKActiveStatus.m */,
			);
			path = Category;
			sourceTree = "<group>";
		};
/* End PBXGroup section */

/* Begin PBXNativeTarget section */
		A96DEDC41FAFF0F200D45610 /* DKTableView */ = {
			isa = PBXNativeTarget;
			buildConfigurationList = A96DEDE61FAFF0F200D45610 /* Build configuration list for PBXNativeTarget "DKTableView" */;
			buildPhases = (
				5ECE8684E00C79A305DCC0C5 /* [CP] Check Pods Manifest.lock */,
				A96DEDC11FAFF0F200D45610 /* Sources */,
				A96DEDC21FAFF0F200D45610 /* Frameworks */,
				A96DEDC31FAFF0F200D45610 /* Resources */,
				E08DC3A07A13D2DB82CBC5FB /* [CP] Embed Pods Frameworks */,
				796D4EC596D7F7E839C15798 /* [CP] Copy Pods Resources */,
			);
			buildRules = (
			);
			dependencies = (
			);
			name = DKTableView;
			productName = DKTableView;
			productReference = A96DEDC51FAFF0F200D45610 /* DKTableView.app */;
			productType = "com.apple.product-type.application";
		};
		A96DEDDC1FAFF0F200D45610 /* DKTableViewTests */ = {
			isa = PBXNativeTarget;
			buildConfigurationList = A96DEDE91FAFF0F200D45610 /* Build configuration list for PBXNativeTarget "DKTableViewTests" */;
			buildPhases = (
				D6AFEF629CA37253D7FC3C8F /* [CP] Check Pods Manifest.lock */,
				A96DEDD91FAFF0F200D45610 /* Sources */,
				A96DEDDA1FAFF0F200D45610 /* Frameworks */,
				A96DEDDB1FAFF0F200D45610 /* Resources */,
				CFA93664A0D281622651FD97 /* [CP] Embed Pods Frameworks */,
				1492E24B6EFB0DC3220F4B39 /* [CP] Copy Pods Resources */,
			);
			buildRules = (
			);
			dependencies = (
				A96DEDDF1FAFF0F200D45610 /* PBXTargetDependency */,
			);
			name = DKTableViewTests;
			productName = DKTableViewTests;
			productReference = A96DEDDD1FAFF0F200D45610 /* DKTableViewTests.xctest */;
			productType = "com.apple.product-type.bundle.unit-test";
		};
/* End PBXNativeTarget section */

/* Begin PBXProject section */
		A96DEDBD1FAFF0F200D45610 /* Project object */ = {
			isa = PBXProject;
			attributes = {
				LastUpgradeCheck = 0910;
				ORGANIZATIONNAME = bill;
				TargetAttributes = {
					A96DEDC41FAFF0F200D45610 = {
						CreatedOnToolsVersion = 9.1;
						ProvisioningStyle = Manual;
					};
					A96DEDDC1FAFF0F200D45610 = {
						CreatedOnToolsVersion = 9.1;
						ProvisioningStyle = Automatic;
						TestTargetID = A96DEDC41FAFF0F200D45610;
					};
				};
			};
			buildConfigurationList = A96DEDC01FAFF0F200D45610 /* Build configuration list for PBXProject "DKTableView" */;
			compatibilityVersion = "Xcode 8.0";
			developmentRegion = en;
			hasScannedForEncodings = 0;
			knownRegions = (
				en,
				Base,
			);
			mainGroup = A96DEDBC1FAFF0F200D45610;
			productRefGroup = A96DEDC61FAFF0F200D45610 /* Products */;
			projectDirPath = "";
			projectRoot = "";
			targets = (
				A96DEDC41FAFF0F200D45610 /* DKTableView */,
				A96DEDDC1FAFF0F200D45610 /* DKTableViewTests */,
			);
		};
/* End PBXProject section */

/* Begin PBXResourcesBuildPhase section */
		A96DEDC31FAFF0F200D45610 /* Resources */ = {
			isa = PBXResourcesBuildPhase;
			buildActionMask = 2147483647;
			files = (
				A96DEDD51FAFF0F200D45610 /* LaunchScreen.storyboard in Resources */,
				A96DEDD21FAFF0F200D45610 /* Assets.xcassets in Resources */,
			);
			runOnlyForDeploymentPostprocessing = 0;
		};
		A96DEDDB1FAFF0F200D45610 /* Resources */ = {
			isa = PBXResourcesBuildPhase;
			buildActionMask = 2147483647;
			files = (
			);
			runOnlyForDeploymentPostprocessing = 0;
		};
/* End PBXResourcesBuildPhase section */

/* Begin PBXShellScriptBuildPhase section */
		1492E24B6EFB0DC3220F4B39 /* [CP] Copy Pods Resources */ = {
			isa = PBXShellScriptBuildPhase;
			buildActionMask = 2147483647;
			files = (
			);
			inputPaths = (
			);
			name = "[CP] Copy Pods Resources";
			outputPaths = (
			);
			runOnlyForDeploymentPostprocessing = 0;
			shellPath = /bin/sh;
			shellScript = "\"${SRCROOT}/Pods/Target Support Files/Pods-DKTableViewTests/Pods-DKTableViewTests-resources.sh\"\n";
			showEnvVarsInLog = 0;
		};
		5ECE8684E00C79A305DCC0C5 /* [CP] Check Pods Manifest.lock */ = {
			isa = PBXShellScriptBuildPhase;
			buildActionMask = 2147483647;
			files = (
			);
			inputPaths = (
				"${PODS_PODFILE_DIR_PATH}/Podfile.lock",
				"${PODS_ROOT}/Manifest.lock",
			);
			name = "[CP] Check Pods Manifest.lock";
			outputPaths = (
				"$(DERIVED_FILE_DIR)/Pods-DKTableView-checkManifestLockResult.txt",
			);
			runOnlyForDeploymentPostprocessing = 0;
			shellPath = /bin/sh;
			shellScript = "diff \"${PODS_PODFILE_DIR_PATH}/Podfile.lock\" \"${PODS_ROOT}/Manifest.lock\" > /dev/null\nif [ $? != 0 ] ; then\n    # print error to STDERR\n    echo \"error: The sandbox is not in sync with the Podfile.lock. Run 'pod install' or update your CocoaPods installation.\" >&2\n    exit 1\nfi\n# This output is used by Xcode 'outputs' to avoid re-running this script phase.\necho \"SUCCESS\" > \"${SCRIPT_OUTPUT_FILE_0}\"\n";
			showEnvVarsInLog = 0;
		};
		796D4EC596D7F7E839C15798 /* [CP] Copy Pods Resources */ = {
			isa = PBXShellScriptBuildPhase;
			buildActionMask = 2147483647;
			files = (
			);
			inputPaths = (
			);
			name = "[CP] Copy Pods Resources";
			outputPaths = (
			);
			runOnlyForDeploymentPostprocessing = 0;
			shellPath = /bin/sh;
			shellScript = "\"${SRCROOT}/Pods/Target Support Files/Pods-DKTableView/Pods-DKTableView-resources.sh\"\n";
			showEnvVarsInLog = 0;
		};
		CFA93664A0D281622651FD97 /* [CP] Embed Pods Frameworks */ = {
			isa = PBXShellScriptBuildPhase;
			buildActionMask = 2147483647;
			files = (
			);
			inputPaths = (
			);
			name = "[CP] Embed Pods Frameworks";
			outputPaths = (
			);
			runOnlyForDeploymentPostprocessing = 0;
			shellPath = /bin/sh;
			shellScript = "\"${SRCROOT}/Pods/Target Support Files/Pods-DKTableViewTests/Pods-DKTableViewTests-frameworks.sh\"\n";
			showEnvVarsInLog = 0;
		};
		D6AFEF629CA37253D7FC3C8F /* [CP] Check Pods Manifest.lock */ = {
			isa = PBXShellScriptBuildPhase;
			buildActionMask = 2147483647;
			files = (
			);
			inputPaths = (
				"${PODS_PODFILE_DIR_PATH}/Podfile.lock",
				"${PODS_ROOT}/Manifest.lock",
			);
			name = "[CP] Check Pods Manifest.lock";
			outputPaths = (
				"$(DERIVED_FILE_DIR)/Pods-DKTableViewTests-checkManifestLockResult.txt",
			);
			runOnlyForDeploymentPostprocessing = 0;
			shellPath = /bin/sh;
			shellScript = "diff \"${PODS_PODFILE_DIR_PATH}/Podfile.lock\" \"${PODS_ROOT}/Manifest.lock\" > /dev/null\nif [ $? != 0 ] ; then\n    # print error to STDERR\n    echo \"error: The sandbox is not in sync with the Podfile.lock. Run 'pod install' or update your CocoaPods installation.\" >&2\n    exit 1\nfi\n# This output is used by Xcode 'outputs' to avoid re-running this script phase.\necho \"SUCCESS\" > \"${SCRIPT_OUTPUT_FILE_0}\"\n";
			showEnvVarsInLog = 0;
		};
		E08DC3A07A13D2DB82CBC5FB /* [CP] Embed Pods Frameworks */ = {
			isa = PBXShellScriptBuildPhase;
			buildActionMask = 2147483647;
			files = (
			);
			inputPaths = (
				"${SRCROOT}/Pods/Target Support Files/Pods-DKTableView/Pods-DKTableView-frameworks.sh",
				"${BUILT_PRODUCTS_DIR}/AFNetworking/AFNetworking.framework",
				"${BUILT_PRODUCTS_DIR}/DZNEmptyDataSet/DZNEmptyDataSet.framework",
				"${BUILT_PRODUCTS_DIR}/MBProgressHUD/MBProgressHUD.framework",
				"${BUILT_PRODUCTS_DIR}/MJRefresh/MJRefresh.framework",
				"${BUILT_PRODUCTS_DIR}/Masonry/Masonry.framework",
			);
			name = "[CP] Embed Pods Frameworks";
			outputPaths = (
				"${TARGET_BUILD_DIR}/${FRAMEWORKS_FOLDER_PATH}/AFNetworking.framework",
				"${TARGET_BUILD_DIR}/${FRAMEWORKS_FOLDER_PATH}/DZNEmptyDataSet.framework",
				"${TARGET_BUILD_DIR}/${FRAMEWORKS_FOLDER_PATH}/MBProgressHUD.framework",
				"${TARGET_BUILD_DIR}/${FRAMEWORKS_FOLDER_PATH}/MJRefresh.framework",
				"${TARGET_BUILD_DIR}/${FRAMEWORKS_FOLDER_PATH}/Masonry.framework",
			);
			runOnlyForDeploymentPostprocessing = 0;
			shellPath = /bin/sh;
			shellScript = "\"${SRCROOT}/Pods/Target Support Files/Pods-DKTableView/Pods-DKTableView-frameworks.sh\"\n";
			showEnvVarsInLog = 0;
		};
/* End PBXShellScriptBuildPhase section */

/* Begin PBXSourcesBuildPhase section */
		A96DEDC11FAFF0F200D45610 /* Sources */ = {
			isa = PBXSourcesBuildPhase;
			buildActionMask = 2147483647;
			files = (
				A971F7051FB0491100A8D8A7 /* UITableView+DKCategory.m in Sources */,
				A96DEDCD1FAFF0F200D45610 /* ViewController.m in Sources */,
				A96DEDD81FAFF0F200D45610 /* main.m in Sources */,
				A971F70B1FB0587C00A8D8A7 /* DKWeakObjectContainer.m in Sources */,
				A96DEDCA1FAFF0F200D45610 /* AppDelegate.m in Sources */,
				A90F9F021FB198AA00C26AC0 /* UITableView+DKActiveStatus.m in Sources */,
				A90F9EFF1FB1637800C26AC0 /* DKNetwork.m in Sources */,
			);
			runOnlyForDeploymentPostprocessing = 0;
		};
		A96DEDD91FAFF0F200D45610 /* Sources */ = {
			isa = PBXSourcesBuildPhase;
			buildActionMask = 2147483647;
			files = (
				A96DEDE21FAFF0F200D45610 /* DKTableViewTests.m in Sources */,
			);
			runOnlyForDeploymentPostprocessing = 0;
		};
/* End PBXSourcesBuildPhase section */

/* Begin PBXTargetDependency section */
		A96DEDDF1FAFF0F200D45610 /* PBXTargetDependency */ = {
			isa = PBXTargetDependency;
			target = A96DEDC41FAFF0F200D45610 /* DKTableView */;
			targetProxy = A96DEDDE1FAFF0F200D45610 /* PBXContainerItemProxy */;
		};
/* End PBXTargetDependency section */

/* Begin PBXVariantGroup section */
		A96DEDD31FAFF0F200D45610 /* LaunchScreen.storyboard */ = {
			isa = PBXVariantGroup;
			children = (
				A96DEDD41FAFF0F200D45610 /* Base */,
			);
			name = LaunchScreen.storyboard;
			sourceTree = "<group>";
		};
/* End PBXVariantGroup section */

/* Begin XCBuildConfiguration section */
		A96DEDE41FAFF0F200D45610 /* Debug */ = {
			isa = XCBuildConfiguration;
			buildSettings = {
				ALWAYS_SEARCH_USER_PATHS = NO;
				CLANG_ANALYZER_NONNULL = YES;
				CLANG_ANALYZER_NUMBER_OBJECT_CONVERSION = YES_AGGRESSIVE;
				CLANG_CXX_LANGUAGE_STANDARD = "gnu++14";
				CLANG_CXX_LIBRARY = "libc++";
				CLANG_ENABLE_MODULES = YES;
				CLANG_ENABLE_OBJC_ARC = YES;
				CLANG_WARN_BLOCK_CAPTURE_AUTORELEASING = YES;
				CLANG_WARN_BOOL_CONVERSION = YES;
				CLANG_WARN_COMMA = YES;
				CLANG_WARN_CONSTANT_CONVERSION = YES;
				CLANG_WARN_DIRECT_OBJC_ISA_USAGE = YES_ERROR;
				CLANG_WARN_DOCUMENTATION_COMMENTS = YES;
				CLANG_WARN_EMPTY_BODY = YES;
				CLANG_WARN_ENUM_CONVERSION = YES;
				CLANG_WARN_INFINITE_RECURSION = YES;
				CLANG_WARN_INT_CONVERSION = YES;
				CLANG_WARN_NON_LITERAL_NULL_CONVERSION = YES;
				CLANG_WARN_OBJC_LITERAL_CONVERSION = YES;
				CLANG_WARN_OBJC_ROOT_CLASS = YES_ERROR;
				CLANG_WARN_RANGE_LOOP_ANALYSIS = YES;
				CLANG_WARN_STRICT_PROTOTYPES = YES;
				CLANG_WARN_SUSPICIOUS_MOVE = YES;
				CLANG_WARN_UNGUARDED_AVAILABILITY = YES_AGGRESSIVE;
				CLANG_WARN_UNREACHABLE_CODE = YES;
				CLANG_WARN__DUPLICATE_METHOD_MATCH = YES;
				CODE_SIGN_IDENTITY = "iPhone Developer";
				COPY_PHASE_STRIP = NO;
				DEBUG_INFORMATION_FORMAT = dwarf;
				ENABLE_STRICT_OBJC_MSGSEND = YES;
				ENABLE_TESTABILITY = YES;
				GCC_C_LANGUAGE_STANDARD = gnu11;
				GCC_DYNAMIC_NO_PIC = NO;
				GCC_NO_COMMON_BLOCKS = YES;
				GCC_OPTIMIZATION_LEVEL = 0;
				GCC_PREPROCESSOR_DEFINITIONS = (
					"DEBUG=1",
					"$(inherited)",
				);
				GCC_WARN_64_TO_32_BIT_CONVERSION = YES;
				GCC_WARN_ABOUT_RETURN_TYPE = YES_ERROR;
				GCC_WARN_UNDECLARED_SELECTOR = YES;
				GCC_WARN_UNINITIALIZED_AUTOS = YES_AGGRESSIVE;
				GCC_WARN_UNUSED_FUNCTION = YES;
				GCC_WARN_UNUSED_VARIABLE = YES;
				IPHONEOS_DEPLOYMENT_TARGET = 11.1;
				MTL_ENABLE_DEBUG_INFO = YES;
				ONLY_ACTIVE_ARCH = YES;
				SDKROOT = iphoneos;
			};
			name = Debug;
		};
		A96DEDE51FAFF0F200D45610 /* Release */ = {
			isa = XCBuildConfiguration;
			buildSettings = {
				ALWAYS_SEARCH_USER_PATHS = NO;
				CLANG_ANALYZER_NONNULL = YES;
				CLANG_ANALYZER_NUMBER_OBJECT_CONVERSION = YES_AGGRESSIVE;
				CLANG_CXX_LANGUAGE_STANDARD = "gnu++14";
				CLANG_CXX_LIBRARY = "libc++";
				CLANG_ENABLE_MODULES = YES;
				CLANG_ENABLE_OBJC_ARC = YES;
				CLANG_WARN_BLOCK_CAPTURE_AUTORELEASING = YES;
				CLANG_WARN_BOOL_CONVERSION = YES;
				CLANG_WARN_COMMA = YES;
				CLANG_WARN_CONSTANT_CONVERSION = YES;
				CLANG_WARN_DIRECT_OBJC_ISA_USAGE = YES_ERROR;
				CLANG_WARN_DOCUMENTATION_COMMENTS = YES;
				CLANG_WARN_EMPTY_BODY = YES;
				CLANG_WARN_ENUM_CONVERSION = YES;
				CLANG_WARN_INFINITE_RECURSION = YES;
				CLANG_WARN_INT_CONVERSION = YES;
				CLANG_WARN_NON_LITERAL_NULL_CONVERSION = YES;
				CLANG_WARN_OBJC_LITERAL_CONVERSION = YES;
				CLANG_WARN_OBJC_ROOT_CLASS = YES_ERROR;
				CLANG_WARN_RANGE_LOOP_ANALYSIS = YES;
				CLANG_WARN_STRICT_PROTOTYPES = YES;
				CLANG_WARN_SUSPICIOUS_MOVE = YES;
				CLANG_WARN_UNGUARDED_AVAILABILITY = YES_AGGRESSIVE;
				CLANG_WARN_UNREACHABLE_CODE = YES;
				CLANG_WARN__DUPLICATE_METHOD_MATCH = YES;
				CODE_SIGN_IDENTITY = "iPhone Developer";
				COPY_PHASE_STRIP = NO;
				DEBUG_INFORMATION_FORMAT = "dwarf-with-dsym";
				ENABLE_NS_ASSERTIONS = NO;
				ENABLE_STRICT_OBJC_MSGSEND = YES;
				GCC_C_LANGUAGE_STANDARD = gnu11;
				GCC_NO_COMMON_BLOCKS = YES;
				GCC_WARN_64_TO_32_BIT_CONVERSION = YES;
				GCC_WARN_ABOUT_RETURN_TYPE = YES_ERROR;
				GCC_WARN_UNDECLARED_SELECTOR = YES;
				GCC_WARN_UNINITIALIZED_AUTOS = YES_AGGRESSIVE;
				GCC_WARN_UNUSED_FUNCTION = YES;
				GCC_WARN_UNUSED_VARIABLE = YES;
				IPHONEOS_DEPLOYMENT_TARGET = 11.1;
				MTL_ENABLE_DEBUG_INFO = NO;
				SDKROOT = iphoneos;
				VALIDATE_PRODUCT = YES;
			};
			name = Release;
		};
		A96DEDE71FAFF0F200D45610 /* Debug */ = {
			isa = XCBuildConfiguration;
			baseConfigurationReference = 8D6B3DECD0F6DF9FC9FBCA1F /* Pods-DKTableView.debug.xcconfig */;
			buildSettings = {
				ASSETCATALOG_COMPILER_APPICON_NAME = AppIcon;
				CODE_SIGN_STYLE = Manual;
				DEVELOPMENT_TEAM = 6PTG33TQCL;
				INFOPLIST_FILE = DKTableView/Info.plist;
				IPHONEOS_DEPLOYMENT_TARGET = 9.0;
				LD_RUNPATH_SEARCH_PATHS = "$(inherited) @executable_path/Frameworks";
				PRODUCT_BUNDLE_IDENTIFIER = com.mzying.DKTableView;
				PRODUCT_NAME = "$(TARGET_NAME)";
				PROVISIONING_PROFILE = "fa712333-24da-4b58-8fc9-8f06a2e4fe35";
				PROVISIONING_PROFILE_SPECIFIER = DevWildcardProfiles;
				TARGETED_DEVICE_FAMILY = 1;
			};
			name = Debug;
		};
		A96DEDE81FAFF0F200D45610 /* Release */ = {
			isa = XCBuildConfiguration;
			baseConfigurationReference = 51570AB34C67852BB082CA90 /* Pods-DKTableView.release.xcconfig */;
			buildSettings = {
				ASSETCATALOG_COMPILER_APPICON_NAME = AppIcon;
				"CODE_SIGN_IDENTITY[sdk=iphoneos*]" = "iPhone Distribution";
				CODE_SIGN_STYLE = Manual;
				DEVELOPMENT_TEAM = 6PTG33TQCL;
				INFOPLIST_FILE = DKTableView/Info.plist;
				IPHONEOS_DEPLOYMENT_TARGET = 9.0;
				LD_RUNPATH_SEARCH_PATHS = "$(inherited) @executable_path/Frameworks";
				PRODUCT_BUNDLE_IDENTIFIER = com.mzying.DKTableView;
				PRODUCT_NAME = "$(TARGET_NAME)";
				PROVISIONING_PROFILE = "6743a549-6f60-4b72-a21a-201914ea4c63";
				PROVISIONING_PROFILE_SPECIFIER = DisWildcardProfiles;
				TARGETED_DEVICE_FAMILY = 1;
			};
			name = Release;
		};
		A96DEDEA1FAFF0F200D45610 /* Debug */ = {
			isa = XCBuildConfiguration;
			baseConfigurationReference = 79EA034885530F17FB5FF7B4 /* Pods-DKTableViewTests.debug.xcconfig */;
			buildSettings = {
				BUNDLE_LOADER = "$(TEST_HOST)";
				CODE_SIGN_STYLE = Automatic;
				DEVELOPMENT_TEAM = YDABRPW7UB;
				INFOPLIST_FILE = DKTableViewTests/Info.plist;
				LD_RUNPATH_SEARCH_PATHS = "$(inherited) @executable_path/Frameworks @loader_path/Frameworks";
				PRODUCT_BUNDLE_IDENTIFIER = com.mzying.DKTableViewTests;
				PRODUCT_NAME = "$(TARGET_NAME)";
				TARGETED_DEVICE_FAMILY = "1,2";
				TEST_HOST = "$(BUILT_PRODUCTS_DIR)/DKTableView.app/DKTableView";
			};
			name = Debug;
		};
		A96DEDEB1FAFF0F200D45610 /* Release */ = {
			isa = XCBuildConfiguration;
			baseConfigurationReference = 8DBD91384B4A7D20821C235F /* Pods-DKTableViewTests.release.xcconfig */;
			buildSettings = {
				BUNDLE_LOADER = "$(TEST_HOST)";
				CODE_SIGN_STYLE = Automatic;
				DEVELOPMENT_TEAM = YDABRPW7UB;
				INFOPLIST_FILE = DKTableViewTests/Info.plist;
				LD_RUNPATH_SEARCH_PATHS = "$(inherited) @executable_path/Frameworks @loader_path/Frameworks";
				PRODUCT_BUNDLE_IDENTIFIER = com.mzying.DKTableViewTests;
				PRODUCT_NAME = "$(TARGET_NAME)";
				TARGETED_DEVICE_FAMILY = "1,2";
				TEST_HOST = "$(BUILT_PRODUCTS_DIR)/DKTableView.app/DKTableView";
			};
			name = Release;
		};
/* End XCBuildConfiguration section */

/* Begin XCConfigurationList section */
		A96DEDC01FAFF0F200D45610 /* Build configuration list for PBXProject "DKTableView" */ = {
			isa = XCConfigurationList;
			buildConfigurations = (
				A96DEDE41FAFF0F200D45610 /* Debug */,
				A96DEDE51FAFF0F200D45610 /* Release */,
			);
			defaultConfigurationIsVisible = 0;
			defaultConfigurationName = Release;
		};
		A96DEDE61FAFF0F200D45610 /* Build configuration list for PBXNativeTarget "DKTableView" */ = {
			isa = XCConfigurationList;
			buildConfigurations = (
				A96DEDE71FAFF0F200D45610 /* Debug */,
				A96DEDE81FAFF0F200D45610 /* Release */,
			);
			defaultConfigurationIsVisible = 0;
			defaultConfigurationName = Release;
		};
		A96DEDE91FAFF0F200D45610 /* Build configuration list for PBXNativeTarget "DKTableViewTests" */ = {
			isa = XCConfigurationList;
			buildConfigurations = (
				A96DEDEA1FAFF0F200D45610 /* Debug */,
				A96DEDEB1FAFF0F200D45610 /* Release */,
			);
			defaultConfigurationIsVisible = 0;
			defaultConfigurationName = Release;
		};
/* End XCConfigurationList section */
	};
	rootObject = A96DEDBD1FAFF0F200D45610 /* Project object */;
}
